// !$*UTF8*$!
{
	archiveVersion = 1;
	classes = {
	};
	objectVersion = 56;
	objects = {

/* Begin PBXBuildFile section */
		960312BC2A52E69000B79937 /* ShowErrorDialog.swift in Sources */ = {isa = PBXBuildFile; fileRef = 960312BB2A52E69000B79937 /* ShowErrorDialog.swift */; };
		962F6D502B4FDAD100961137 /* SettingsView.swift in Sources */ = {isa = PBXBuildFile; fileRef = 962F6D4F2B4FDAD100961137 /* SettingsView.swift */; };
		9630309B2D3F85D40030771F /* AppUpdater.swift in Sources */ = {isa = PBXBuildFile; fileRef = 9630309A2D3F85D00030771F /* AppUpdater.swift */; };
		967344D92A1DE03400141A9E /* iPortForwarderApp.swift in Sources */ = {isa = PBXBuildFile; fileRef = 967344D82A1DE03400141A9E /* iPortForwarderApp.swift */; };
		967344DB2A1DE03400141A9E /* ContentView.swift in Sources */ = {isa = PBXBuildFile; fileRef = 967344DA2A1DE03400141A9E /* ContentView.swift */; };
		967344DD2A1DE03800141A9E /* Assets.xcassets in Resources */ = {isa = PBXBuildFile; fileRef = 967344DC2A1DE03800141A9E /* Assets.xcassets */; };
		967344E02A1DE03800141A9E /* Preview Assets.xcassets in Resources */ = {isa = PBXBuildFile; fileRef = 967344DF2A1DE03800141A9E /* Preview Assets.xcassets */; };
		967344E82A1DE8DF00141A9E /* ForwardedItem.swift in Sources */ = {isa = PBXBuildFile; fileRef = 967344E72A1DE8DF00141A9E /* ForwardedItem.swift */; };
		967344EB2A1DEAFD00141A9E /* ForwardedItemRow.swift in Sources */ = {isa = PBXBuildFile; fileRef = 967344EA2A1DEAFD00141A9E /* ForwardedItemRow.swift */; };
		9673452F2A1F8FF900141A9E /* Libipf in Frameworks */ = {isa = PBXBuildFile; productRef = 9673452E2A1F8FF900141A9E /* Libipf */; };
		96E31ACA2A68EF1A004DAF36 /* iPortForwarderCommands.swift in Sources */ = {isa = PBXBuildFile; fileRef = 96E31AC92A68EF1A004DAF36 /* iPortForwarderCommands.swift */; };
		96E31ACC2A68F0D5004DAF36 /* iPortForwarderState.swift in Sources */ = {isa = PBXBuildFile; fileRef = 96E31ACB2A68F0D5004DAF36 /* iPortForwarderState.swift */; };
/* End PBXBuildFile section */

/* Begin PBXFileReference section */
		960312BB2A52E69000B79937 /* ShowErrorDialog.swift */ = {isa = PBXFileReference; lastKnownFileType = sourcecode.swift; path = ShowErrorDialog.swift; sourceTree = "<group>"; };
		962F6D4F2B4FDAD100961137 /* SettingsView.swift */ = {isa = PBXFileReference; lastKnownFileType = sourcecode.swift; path = SettingsView.swift; sourceTree = "<group>"; };
		9630309A2D3F85D00030771F /* AppUpdater.swift */ = {isa = PBXFileReference; lastKnownFileType = sourcecode.swift; path = AppUpdater.swift; sourceTree = "<group>"; };
		967344D52A1DE03400141A9E /* iPortForwarder.app */ = {isa = PBXFileReference; explicitFileType = wrapper.application; includeInIndex = 0; path = iPortForwarder.app; sourceTree = BUILT_PRODUCTS_DIR; };
		967344D82A1DE03400141A9E /* iPortForwarderApp.swift */ = {isa = PBXFileReference; lastKnownFileType = sourcecode.swift; path = iPortForwarderApp.swift; sourceTree = "<group>"; };
		967344DA2A1DE03400141A9E /* ContentView.swift */ = {isa = PBXFileReference; lastKnownFileType = sourcecode.swift; path = ContentView.swift; sourceTree = "<group>"; };
		967344DC2A1DE03800141A9E /* Assets.xcassets */ = {isa = PBXFileReference; lastKnownFileType = folder.assetcatalog; path = Assets.xcassets; sourceTree = "<group>"; };
		967344DF2A1DE03800141A9E /* Preview Assets.xcassets */ = {isa = PBXFileReference; lastKnownFileType = folder.assetcatalog; path = "Preview Assets.xcassets"; sourceTree = "<group>"; };
		967344E12A1DE03800141A9E /* iPortForwarder.entitlements */ = {isa = PBXFileReference; lastKnownFileType = text.plist.entitlements; path = iPortForwarder.entitlements; sourceTree = "<group>"; };
		967344E72A1DE8DF00141A9E /* ForwardedItem.swift */ = {isa = PBXFileReference; lastKnownFileType = sourcecode.swift; path = ForwardedItem.swift; sourceTree = "<group>"; };
		967344EA2A1DEAFD00141A9E /* ForwardedItemRow.swift */ = {isa = PBXFileReference; lastKnownFileType = sourcecode.swift; path = ForwardedItemRow.swift; sourceTree = "<group>"; };
		9673452C2A1F8FE700141A9E /* Libipf */ = {isa = PBXFileReference; lastKnownFileType = wrapper; name = Libipf; path = iPortForwarder/Libipf; sourceTree = "<group>"; };
		9673452D2A1F8FED00141A9E /* Info.plist */ = {isa = PBXFileReference; lastKnownFileType = text.plist; path = Info.plist; sourceTree = "<group>"; };
		96E31AC92A68EF1A004DAF36 /* iPortForwarderCommands.swift */ = {isa = PBXFileReference; lastKnownFileType = sourcecode.swift; path = iPortForwarderCommands.swift; sourceTree = "<group>"; };
		96E31ACB2A68F0D5004DAF36 /* iPortForwarderState.swift */ = {isa = PBXFileReference; lastKnownFileType = sourcecode.swift; path = iPortForwarderState.swift; sourceTree = "<group>"; };
/* End PBXFileReference section */

/* Begin PBXFrameworksBuildPhase section */
		967344D22A1DE03400141A9E /* Frameworks */ = {
			isa = PBXFrameworksBuildPhase;
			buildActionMask = 2147483647;
			files = (
				9673452F2A1F8FF900141A9E /* Libipf in Frameworks */,
			);
			runOnlyForDeploymentPostprocessing = 0;
		};
/* End PBXFrameworksBuildPhase section */

/* Begin PBXGroup section */
		967344CC2A1DE03400141A9E = {
			isa = PBXGroup;
			children = (
				9673452B2A1F8FE700141A9E /* Packages */,
				967344D72A1DE03400141A9E /* iPortForwarder */,
				967344D62A1DE03400141A9E /* Products */,
				967345252A1F7F0900141A9E /* Frameworks */,
			);
			sourceTree = "<group>";
		};
		967344D62A1DE03400141A9E /* Products */ = {
			isa = PBXGroup;
			children = (
				967344D52A1DE03400141A9E /* iPortForwarder.app */,
			);
			name = Products;
			sourceTree = "<group>";
		};
		967344D72A1DE03400141A9E /* iPortForwarder */ = {
			isa = PBXGroup;
			children = (
				9630309A2D3F85D00030771F /* AppUpdater.swift */,
				9673452D2A1F8FED00141A9E /* Info.plist */,
				967344E92A1DEA1300141A9E /* Views */,
				967344D82A1DE03400141A9E /* iPortForwarderApp.swift */,
				96E31AC92A68EF1A004DAF36 /* iPortForwarderCommands.swift */,
				96E31ACB2A68F0D5004DAF36 /* iPortForwarderState.swift */,
				967344DC2A1DE03800141A9E /* Assets.xcassets */,
				967344E12A1DE03800141A9E /* iPortForwarder.entitlements */,
				967344DE2A1DE03800141A9E /* Preview Content */,
				967344E72A1DE8DF00141A9E /* ForwardedItem.swift */,
				960312BB2A52E69000B79937 /* ShowErrorDialog.swift */,
			);
			path = iPortForwarder;
			sourceTree = "<group>";
		};
		967344DE2A1DE03800141A9E /* Preview Content */ = {
			isa = PBXGroup;
			children = (
				967344DF2A1DE03800141A9E /* Preview Assets.xcassets */,
			);
			path = "Preview Content";
			sourceTree = "<group>";
		};
		967344E92A1DEA1300141A9E /* Views */ = {
			isa = PBXGroup;
			children = (
				967344DA2A1DE03400141A9E /* ContentView.swift */,
				967344EA2A1DEAFD00141A9E /* ForwardedItemRow.swift */,
				962F6D4F2B4FDAD100961137 /* SettingsView.swift */,
			);
			path = Views;
			sourceTree = "<group>";
		};
		967345252A1F7F0900141A9E /* Frameworks */ = {
			isa = PBXGroup;
			children = (
			);
			name = Frameworks;
			sourceTree = "<group>";
		};
		9673452B2A1F8FE700141A9E /* Packages */ = {
			isa = PBXGroup;
			children = (
				9673452C2A1F8FE700141A9E /* Libipf */,
			);
			name = Packages;
			sourceTree = "<group>";
		};
/* End PBXGroup section */

/* Begin PBXNativeTarget section */
		967344D42A1DE03400141A9E /* iPortForwarder */ = {
			isa = PBXNativeTarget;
			buildConfigurationList = 967344E42A1DE03800141A9E /* Build configuration list for PBXNativeTarget "iPortForwarder" */;
			buildPhases = (
				967344D12A1DE03400141A9E /* Sources */,
				967344D22A1DE03400141A9E /* Frameworks */,
				967344D32A1DE03400141A9E /* Resources */,
			);
			buildRules = (
			);
			dependencies = (
			);
			name = iPortForwarder;
			packageProductDependencies = (
				9673452E2A1F8FF900141A9E /* Libipf */,
			);
			productName = iPortForwarder;
			productReference = 967344D52A1DE03400141A9E /* iPortForwarder.app */;
			productType = "com.apple.product-type.application";
		};
/* End PBXNativeTarget section */

/* Begin PBXProject section */
		967344CD2A1DE03400141A9E /* Project object */ = {
			isa = PBXProject;
			attributes = {
				BuildIndependentTargetsInParallel = 1;
				LastSwiftUpdateCheck = 1430;
				LastUpgradeCheck = 1520;
				TargetAttributes = {
					967344D42A1DE03400141A9E = {
						CreatedOnToolsVersion = 14.3;
					};
				};
			};
			buildConfigurationList = 967344D02A1DE03400141A9E /* Build configuration list for PBXProject "iPortForwarder" */;
			compatibilityVersion = "Xcode 14.0";
			developmentRegion = en;
			hasScannedForEncodings = 0;
			knownRegions = (
				en,
				Base,
			);
			mainGroup = 967344CC2A1DE03400141A9E;
			packageReferences = (
			);
			productRefGroup = 967344D62A1DE03400141A9E /* Products */;
			projectDirPath = "";
			projectRoot = "";
			targets = (
				967344D42A1DE03400141A9E /* iPortForwarder */,
			);
		};
/* End PBXProject section */

/* Begin PBXResourcesBuildPhase section */
		967344D32A1DE03400141A9E /* Resources */ = {
			isa = PBXResourcesBuildPhase;
			buildActionMask = 2147483647;
			files = (
				967344E02A1DE03800141A9E /* Preview Assets.xcassets in Resources */,
				967344DD2A1DE03800141A9E /* Assets.xcassets in Resources */,
			);
			runOnlyForDeploymentPostprocessing = 0;
		};
/* End PBXResourcesBuildPhase section */

/* Begin PBXSourcesBuildPhase section */
		967344D12A1DE03400141A9E /* Sources */ = {
			isa = PBXSourcesBuildPhase;
			buildActionMask = 2147483647;
			files = (
				960312BC2A52E69000B79937 /* ShowErrorDialog.swift in Sources */,
				962F6D502B4FDAD100961137 /* SettingsView.swift in Sources */,
				967344DB2A1DE03400141A9E /* ContentView.swift in Sources */,
				96E31ACC2A68F0D5004DAF36 /* iPortForwarderState.swift in Sources */,
				967344D92A1DE03400141A9E /* iPortForwarderApp.swift in Sources */,
				96E31ACA2A68EF1A004DAF36 /* iPortForwarderCommands.swift in Sources */,
				967344EB2A1DEAFD00141A9E /* ForwardedItemRow.swift in Sources */,
				967344E82A1DE8DF00141A9E /* ForwardedItem.swift in Sources */,
				9630309B2D3F85D40030771F /* AppUpdater.swift in Sources */,
			);
			runOnlyForDeploymentPostprocessing = 0;
		};
/* End PBXSourcesBuildPhase section */

/* Begin XCBuildConfiguration section */
		967344E22A1DE03800141A9E /* Debug */ = {
			isa = XCBuildConfiguration;
			buildSettings = {
				ALWAYS_SEARCH_USER_PATHS = NO;
				ASSETCATALOG_COMPILER_GENERATE_SWIFT_ASSET_SYMBOL_EXTENSIONS = YES;
				CLANG_ANALYZER_NONNULL = YES;
				CLANG_ANALYZER_NUMBER_OBJECT_CONVERSION = YES_AGGRESSIVE;
				CLANG_CXX_LANGUAGE_STANDARD = "gnu++20";
				CLANG_ENABLE_MODULES = YES;
				CLANG_ENABLE_OBJC_ARC = YES;
				CLANG_ENABLE_OBJC_WEAK = YES;
				CLANG_WARN_BLOCK_CAPTURE_AUTORELEASING = YES;
				CLANG_WARN_BOOL_CONVERSION = YES;
				CLANG_WARN_COMMA = YES;
				CLANG_WARN_CONSTANT_CONVERSION = YES;
				CLANG_WARN_DEPRECATED_OBJC_IMPLEMENTATIONS = YES;
				CLANG_WARN_DIRECT_OBJC_ISA_USAGE = YES_ERROR;
				CLANG_WARN_DOCUMENTATION_COMMENTS = YES;
				CLANG_WARN_EMPTY_BODY = YES;
				CLANG_WARN_ENUM_CONVERSION = YES;
				CLANG_WARN_INFINITE_RECURSION = YES;
				CLANG_WARN_INT_CONVERSION = YES;
				CLANG_WARN_NON_LITERAL_NULL_CONVERSION = YES;
				CLANG_WARN_OBJC_IMPLICIT_RETAIN_SELF = YES;
				CLANG_WARN_OBJC_LITERAL_CONVERSION = YES;
				CLANG_WARN_OBJC_ROOT_CLASS = YES_ERROR;
				CLANG_WARN_QUOTED_INCLUDE_IN_FRAMEWORK_HEADER = YES;
				CLANG_WARN_RANGE_LOOP_ANALYSIS = YES;
				CLANG_WARN_STRICT_PROTOTYPES = YES;
				CLANG_WARN_SUSPICIOUS_MOVE = YES;
				CLANG_WARN_UNGUARDED_AVAILABILITY = YES_AGGRESSIVE;
				CLANG_WARN_UNREACHABLE_CODE = YES;
				CLANG_WARN__DUPLICATE_METHOD_MATCH = YES;
				COPY_PHASE_STRIP = NO;
				DEAD_CODE_STRIPPING = YES;
				DEBUG_INFORMATION_FORMAT = dwarf;
				ENABLE_APP_SANDBOX = YES;
				ENABLE_STRICT_OBJC_MSGSEND = YES;
				ENABLE_TESTABILITY = YES;
				ENABLE_USER_SCRIPT_SANDBOXING = YES;
				ENABLE_USER_SELECTED_FILES = readwrite;
				GCC_C_LANGUAGE_STANDARD = gnu11;
				GCC_DYNAMIC_NO_PIC = NO;
				GCC_NO_COMMON_BLOCKS = YES;
				GCC_OPTIMIZATION_LEVEL = 0;
				GCC_PREPROCESSOR_DEFINITIONS = (
					"DEBUG=1",
					"$(inherited)",
				);
				GCC_WARN_64_TO_32_BIT_CONVERSION = YES;
				GCC_WARN_ABOUT_RETURN_TYPE = YES_ERROR;
				GCC_WARN_UNDECLARED_SELECTOR = YES;
				GCC_WARN_UNINITIALIZED_AUTOS = YES_AGGRESSIVE;
				GCC_WARN_UNUSED_FUNCTION = YES;
				GCC_WARN_UNUSED_VARIABLE = YES;
				MACOSX_DEPLOYMENT_TARGET = "$(RECOMMENDED_MACOSX_DEPLOYMENT_TARGET)";
				MTL_ENABLE_DEBUG_INFO = INCLUDE_SOURCE;
				MTL_FAST_MATH = YES;
				ONLY_ACTIVE_ARCH = YES;
				SDKROOT = macosx;
				SWIFT_ACTIVE_COMPILATION_CONDITIONS = DEBUG;
				SWIFT_OPTIMIZATION_LEVEL = "-Onone";
			};
			name = Debug;
		};
		967344E32A1DE03800141A9E /* Release */ = {
			isa = XCBuildConfiguration;
			buildSettings = {
				ALWAYS_SEARCH_USER_PATHS = NO;
				ASSETCATALOG_COMPILER_GENERATE_SWIFT_ASSET_SYMBOL_EXTENSIONS = YES;
				CLANG_ANALYZER_NONNULL = YES;
				CLANG_ANALYZER_NUMBER_OBJECT_CONVERSION = YES_AGGRESSIVE;
				CLANG_CXX_LANGUAGE_STANDARD = "gnu++20";
				CLANG_ENABLE_MODULES = YES;
				CLANG_ENABLE_OBJC_ARC = YES;
				CLANG_ENABLE_OBJC_WEAK = YES;
				CLANG_WARN_BLOCK_CAPTURE_AUTORELEASING = YES;
				CLANG_WARN_BOOL_CONVERSION = YES;
				CLANG_WARN_COMMA = YES;
				CLANG_WARN_CONSTANT_CONVERSION = YES;
				CLANG_WARN_DEPRECATED_OBJC_IMPLEMENTATIONS = YES;
				CLANG_WARN_DIRECT_OBJC_ISA_USAGE = YES_ERROR;
				CLANG_WARN_DOCUMENTATION_COMMENTS = YES;
				CLANG_WARN_EMPTY_BODY = YES;
				CLANG_WARN_ENUM_CONVERSION = YES;
				CLANG_WARN_INFINITE_RECURSION = YES;
				CLANG_WARN_INT_CONVERSION = YES;
				CLANG_WARN_NON_LITERAL_NULL_CONVERSION = YES;
				CLANG_WARN_OBJC_IMPLICIT_RETAIN_SELF = YES;
				CLANG_WARN_OBJC_LITERAL_CONVERSION = YES;
				CLANG_WARN_OBJC_ROOT_CLASS = YES_ERROR;
				CLANG_WARN_QUOTED_INCLUDE_IN_FRAMEWORK_HEADER = YES;
				CLANG_WARN_RANGE_LOOP_ANALYSIS = YES;
				CLANG_WARN_STRICT_PROTOTYPES = YES;
				CLANG_WARN_SUSPICIOUS_MOVE = YES;
				CLANG_WARN_UNGUARDED_AVAILABILITY = YES_AGGRESSIVE;
				CLANG_WARN_UNREACHABLE_CODE = YES;
				CLANG_WARN__DUPLICATE_METHOD_MATCH = YES;
				COPY_PHASE_STRIP = YES;
				DEAD_CODE_STRIPPING = YES;
				DEBUG_INFORMATION_FORMAT = "dwarf-with-dsym";
				ENABLE_APP_SANDBOX = YES;
				ENABLE_NS_ASSERTIONS = NO;
				ENABLE_STRICT_OBJC_MSGSEND = YES;
				ENABLE_USER_SCRIPT_SANDBOXING = YES;
				ENABLE_USER_SELECTED_FILES = readwrite;
				GCC_C_LANGUAGE_STANDARD = gnu11;
				GCC_NO_COMMON_BLOCKS = YES;
				GCC_WARN_64_TO_32_BIT_CONVERSION = YES;
				GCC_WARN_ABOUT_RETURN_TYPE = YES_ERROR;
				GCC_WARN_UNDECLARED_SELECTOR = YES;
				GCC_WARN_UNINITIALIZED_AUTOS = YES_AGGRESSIVE;
				GCC_WARN_UNUSED_FUNCTION = YES;
				GCC_WARN_UNUSED_VARIABLE = YES;
				MACOSX_DEPLOYMENT_TARGET = "$(RECOMMENDED_MACOSX_DEPLOYMENT_TARGET)";
				MTL_ENABLE_DEBUG_INFO = NO;
				MTL_FAST_MATH = YES;
				SDKROOT = macosx;
				SWIFT_COMPILATION_MODE = wholemodule;
				SWIFT_OPTIMIZATION_LEVEL = "-O";
			};
			name = Release;
		};
		967344E52A1DE03800141A9E /* Debug */ = {
			isa = XCBuildConfiguration;
			buildSettings = {
				ASSETCATALOG_COMPILER_APPICON_NAME = AppIcon;
				ASSETCATALOG_COMPILER_GLOBAL_ACCENT_COLOR_NAME = AccentColor;
				CODE_SIGN_ENTITLEMENTS = iPortForwarder/iPortForwarder.entitlements;
				CODE_SIGN_STYLE = Automatic;
				COMBINE_HIDPI_IMAGES = YES;
				CURRENT_PROJECT_VERSION = 1;
				DEAD_CODE_STRIPPING = YES;
				DEVELOPMENT_ASSET_PATHS = "\"iPortForwarder/Preview Content\"";
				ENABLE_PREVIEWS = YES;
				ENABLE_USER_SCRIPT_SANDBOXING = NO;
				GENERATE_INFOPLIST_FILE = YES;
				INFOPLIST_FILE = iPortForwarder/Info.plist;
				INFOPLIST_KEY_CFBundleDisplayName = iPortForwarder;
				INFOPLIST_KEY_LSApplicationCategoryType = "public.app-category.utilities";
				INFOPLIST_KEY_NSHumanReadableCopyright = "";
				LD_RUNPATH_SEARCH_PATHS = (
					"$(inherited)",
					"@executable_path/../Frameworks",
				);
				MACOSX_DEPLOYMENT_TARGET = 12.0;
				MARKETING_VERSION = 1.0.1;
				PRODUCT_BUNDLE_IDENTIFIER = com.hronro.ipf.iPortForwarder;
				PRODUCT_NAME = "$(TARGET_NAME)";
				SWIFT_EMIT_LOC_STRINGS = YES;
				SWIFT_VERSION = 6.0;
			};
			name = Debug;
		};
		967344E62A1DE03800141A9E /* Release */ = {
			isa = XCBuildConfiguration;
			buildSettings = {
				ASSETCATALOG_COMPILER_APPICON_NAME = AppIcon;
				ASSETCATALOG_COMPILER_GLOBAL_ACCENT_COLOR_NAME = AccentColor;
				CODE_SIGN_ENTITLEMENTS = iPortForwarder/iPortForwarder.entitlements;
				CODE_SIGN_STYLE = Automatic;
				COMBINE_HIDPI_IMAGES = YES;
				CURRENT_PROJECT_VERSION = 1;
				DEAD_CODE_STRIPPING = YES;
				DEVELOPMENT_ASSET_PATHS = "\"iPortForwarder/Preview Content\"";
				ENABLE_PREVIEWS = YES;
				ENABLE_USER_SCRIPT_SANDBOXING = NO;
				GENERATE_INFOPLIST_FILE = YES;
				INFOPLIST_FILE = iPortForwarder/Info.plist;
				INFOPLIST_KEY_CFBundleDisplayName = iPortForwarder;
				INFOPLIST_KEY_LSApplicationCategoryType = "public.app-category.utilities";
				INFOPLIST_KEY_NSHumanReadableCopyright = "";
				LD_RUNPATH_SEARCH_PATHS = (
					"$(inherited)",
					"@executable_path/../Frameworks",
				);
				MACOSX_DEPLOYMENT_TARGET = 12.0;
				MARKETING_VERSION = 1.0.1;
				PRODUCT_BUNDLE_IDENTIFIER = com.hronro.ipf.iPortForwarder;
				PRODUCT_NAME = "$(TARGET_NAME)";
				SWIFT_EMIT_LOC_STRINGS = YES;
				SWIFT_VERSION = 6.0;
			};
			name = Release;
		};
/* End XCBuildConfiguration section */

/* Begin XCConfigurationList section */
		967344D02A1DE03400141A9E /* Build configuration list for PBXProject "iPortForwarder" */ = {
			isa = XCConfigurationList;
			buildConfigurations = (
				967344E22A1DE03800141A9E /* Debug */,
				967344E32A1DE03800141A9E /* Release */,
			);
			defaultConfigurationIsVisible = 0;
			defaultConfigurationName = Release;
		};
		967344E42A1DE03800141A9E /* Build configuration list for PBXNativeTarget "iPortForwarder" */ = {
			isa = XCConfigurationList;
			buildConfigurations = (
				967344E52A1DE03800141A9E /* Debug */,
				967344E62A1DE03800141A9E /* Release */,
			);
			defaultConfigurationIsVisible = 0;
			defaultConfigurationName = Release;
		};
/* End XCConfigurationList section */

/* Begin XCSwiftPackageProductDependency section */
		9673452E2A1F8FF900141A9E /* Libipf */ = {
			isa = XCSwiftPackageProductDependency;
			productName = Libipf;
		};
/* End XCSwiftPackageProductDependency section */
	};
	rootObject = 967344CD2A1DE03400141A9E /* Project object */;
}
